
Microsoft Visual Studio Solution File, Format Version 12.00
# Visual Studio Version 17
VisualStudioVersion = 17.9.34616.47
MinimumVisualStudioVersion = 10.0.40219.1
Project("{FAE04EC0-301F-11D3-BF4B-00C04F79EFBC}") = "AssetPackCreatorUtilities", "AssetPackCreatorUtilities.csproj", "{7570CE5F-862A-413E-A269-E52C5724DC04}"
EndProject
Global
	GlobalSection(SolutionConfigurationPlatforms) = preSolution
		Debug|Any CPU = Debug|Any CPU
		Release|Any CPU = Release|Any CPU
	EndGlobalSection
	GlobalSection(ProjectConfigurationPlatforms) = postSolution
		{7570CE5F-862A-413E-A269-E52C5724DC04}.Debug|Any CPU.ActiveCfg = Debug|Any CPU
		{7570CE5F-862A-413E-A269-E52C5724DC04}.Debug|Any CPU.Build.0 = Debug|Any CPU
		{7570CE5F-862A-413E-A269-E52C5724DC04}.Release|Any CPU.ActiveCfg = Release|Any CPU
		{7570CE5F-862A-413E-A269-E52C5724DC04}.Release|Any CPU.Build.0 = Release|Any CPU
	EndGlobalSection
	GlobalSection(SolutionProperties) = preSolution
		HideSolutionNode = FALSE
	EndGlobalSection
	GlobalSection(ExtensibilityGlobals) = postSolution
		SolutionGuid = {0B9B2941-6F9F-498C-9BDF-34880427C1B6}
	EndGlobalSection
EndGlobal
